
Microsoft Visual Studio Solution File, Format Version 12.00
# Visual Studio Version 17
VisualStudioVersion = 17.1.32421.90
MinimumVisualStudioVersion = 10.0.40219.1
Project("{FAE04EC0-301F-11D3-BF4B-00C04F79EFBC}") = "Day01_Palindrome_Sorting_Linear_search_binary_search", "Day01_Palindrome_Sorting_Linear_search_binary_search\Day01_Palindrome_Sorting_Linear_search_binary_search.csproj", "{EA28E4C5-B965-493D-8BA1-F7349204EF6A}"
EndProject
Global
	GlobalSection(SolutionConfigurationPlatforms) = preSolution
		Debug|Any CPU = Debug|Any CPU
		Release|Any CPU = Release|Any CPU
	EndGlobalSection
	GlobalSection(ProjectConfigurationPlatforms) = postSolution
		{EA28E4C5-B965-493D-8BA1-F7349204EF6A}.Debug|Any CPU.ActiveCfg = Debug|Any CPU
		{EA28E4C5-B965-493D-8BA1-F7349204EF6A}.Debug|Any CPU.Build.0 = Debug|Any CPU
		{EA28E4C5-B965-493D-8BA1-F7349204EF6A}.Release|Any CPU.ActiveCfg = Release|Any CPU
		{EA28E4C5-B965-493D-8BA1-F7349204EF6A}.Release|Any CPU.Build.0 = Release|Any CPU
	EndGlobalSection
	GlobalSection(SolutionProperties) = preSolution
		HideSolutionNode = FALSE
	EndGlobalSection
	GlobalSection(ExtensibilityGlobals) = postSolution
		SolutionGuid = {8571764C-3363-4F40-A01A-0404156C32A6}
	EndGlobalSection
EndGlobal
